<?xml version="1.0" encoding="UTF-8" standalone="yes" ?>
<CodeBlocks_project_file>
	<FileVersion major="1" minor="6" />
	<Project>
		<Option title="EXEC" />
		<Option pch_mode="2" />
		<Option compiler="borland_c_502_so_2016" />
		<Build>
			<Target title="Debug">
				<Option output="../EXEC" prefix_auto="1" extension_auto="1" />
				<Option object_output=".." />
				<Option type="1" />
				<Option compiler="borland_c_502_so_2016" />
				<Compiler>
					<Add option="-v" />
				</Compiler>
				<Linker>
					<Add option="-Tde -m -l -c -k" />
					<Add option="..\..\..\_PROJECT.CB\obj\startfin.asm\start.obj" />
					<Add option="..\..\..\_PROJECT.CB\obj\SO1PUB\ajustusr.obj" />
					<Add library="../../../_PROJECT.CB/lib/so1pub.lib" />
					<Add library="../../../_PROJECT.CB/lib/crtl.lib" />
					<Add library="../../../_PROJECT.CB/lib/finlib.lib" />
					<Add library="../../../_PROJECT.CB/lib/entrybin.lib" />
				</Linker>
			</Target>
			<Target title="Release">
				<Option output="../EXEC" prefix_auto="1" extension_auto="1" />
				<Option object_output=".." />
				<Option type="1" />
				<Option compiler="borland_c_502_so_2016" />
				<Compiler>
					<Add option="-v" />
				</Compiler>
				<Linker>
					<Add option="-Tde -m -l -c -k" />
					<Add option="..\..\..\_PROJECT.CB\obj\startfin.asm\start.obj" />
					<Add option="..\..\..\_PROJECT.CB\obj\SO1PUB\ajustusr.obj" />
					<Add library="../../../_PROJECT.CB/lib/so1pub.lib" />
					<Add library="../../../_PROJECT.CB/lib/crtl.lib" />
					<Add library="../../../_PROJECT.CB/lib/finlib.lib" />
					<Add library="../../../_PROJECT.CB/lib/entrybin.lib" />
				</Linker>
			</Target>
			<Target title="Ulink">
				<Option output="../EXEC" prefix_auto="1" extension_auto="1" />
				<Option object_output=".." />
				<Option type="1" />
				<Option compiler="borland_c_502_so_2016" />
				<Compiler>
					<Add option="-v" />
				</Compiler>
				<Linker>
					<Add option="-Tde -m -c -w-stk -e_startBin" />
					<Add option="..\..\..\_PROJECT.CB\obj\startfin.asm\start.obj" />
					<Add option="..\..\..\_PROJECT.CB\obj\SO1PUB\ajustusr.obj" />
					<Add library="../../../_PROJECT.CB/lib/so1pub.lib" />
					<Add library="../../../_PROJECT.CB/lib/crtl.lib" />
					<Add library="../../../_PROJECT.CB/lib/finlib.lib" />
				</Linker>
				<Environment>
					<Variable name="enlazador" value="ulink.exe" />
				</Environment>
			</Target>
		</Build>
		<Compiler>
			<Add option="-w" />
			<Add option="-1" />
			<Add option="-v-" />
			<Add option="-a1" />
			<Add option="-k-" />
			<Add option="-r-" />
			<Add option="-y-" />
			<Add option="-g20" />
			<Add option="-j20" />
			<Add option="-DIDE=CODEBLOCK" />
			<Add directory="$$(UUSB):/SO/PRACT0" />
		</Compiler>
		<ExtraCommands>
			<Add after="$(UTMP):\bc5\bin\exe2bin.exe $exe_output $exe_dir\$(project_name).bin" />
			<Add after="$(UTMP):\bc5\bin\spinic.exe $exe_dir\$(project_name).bin 03FE" />
			<Add after="$(UTMP):\bc5\bin\spinic.exe $exe_dir\$(project_name).bin" />
			<Add after="cmd /C copy $exe_dir\$(project_name).bin ..\..\..\DISQUETE" />
			<Mode after="always" />
		</ExtraCommands>
		<Unit filename="../EXEC.C">
			<Option compilerVar="CC" />
		</Unit>
		<Extensions>
			<code_completion />
			<envvars />
			<debugger />
		</Extensions>
	</Project>
</CodeBlocks_project_file>
