<?xml version="1.0" encoding="UTF-8" standalone="yes" ?>
<CodeBlocks_project_file>
	<FileVersion major="1" minor="6" />
	<Project>
		<Option title="MBR" />
		<Option platforms="Windows;" />
		<Option pch_mode="2" />
		<Option compiler="borland_c_502_so_2016" />
		<Option virtualFolders="ENTRYBIN\;" />
		<Build>
			<Target title="entrybin">
				<Option platforms="Windows;" />
				<Option output="lib/entrybin.lib" prefix_auto="0" extension_auto="0" />
				<Option working_dir="" />
				<Option object_output="obj" />
				<Option type="2" />
				<Option compiler="borland_c_502_so_2016" />
				<Option createDefFile="1" />
			</Target>
			<Target title="tpart.tp">
				<Option platforms="Windows;" />
				<Option output="../tpart" prefix_auto="1" extension_auto="1" />
				<Option object_output="obj" />
				<Option type="1" />
				<Option compiler="borland_c_502_so_2016" />
				<Option use_console_runner="0" />
				<Linker>
					<Add option="-Tde -m -l -c -k" />
					<Add library="lib/entrybin.lib" />
				</Linker>
				<ExtraCommands>
					<Add after="$(UTMP):\bc5\bin\exe2bin.exe $exe_output $exe_dir\tpart.tp" />
					<Add after="cmd /C erase $exe_dir\tpart.exe" />
					<Add after="cmd /C $(UTMP):\bc5\bin\XXD\xxd.exe -g 1 -c 16 $exe_dir\tpart.tp" />
					<Mode after="always" />
				</ExtraCommands>
			</Target>
			<Target title="mbr.mbr">
				<Option platforms="Windows;" />
				<Option output="../mbr" prefix_auto="1" extension_auto="1" />
				<Option object_output="obj" />
				<Option type="1" />
				<Option compiler="borland_c_502_so_2016" />
				<Option use_console_runner="0" />
				<Linker>
					<Add option="-Tde -m -l -c -k" />
					<Add library="lib/entrybin.lib" />
				</Linker>
				<ExtraCommands>
					<Add after="$(UTMP):\bc5\bin\exe2bin.exe $exe_output $exe_dir\mbr.bin" />
					<Add after="cmd /C $(UTMP):\BC5\BIN\EXTENDER $exe_dir\mbr.bin 512" />
					<Add after="cmd /C $(UTMP):\BC5\BIN\EXTRAER $exe_dir\mbr.bin 0 512 $exe_dir\mbr.mbr" />
					<Add after="cmd /C $(UTMP):\BC5\BIN\PARCHEAR $exe_dir\mbr.mbr 440 12345678 0000" />
					<Add after="cmd /C $(UTMP):\BC5\BIN\PARCHEAR $exe_dir\mbr.mbr 446 -f $exe_dir\tpart.tp" />
					<Add after="cmd /C $(UTMP):\BC5\BIN\PARCHEAR $exe_dir\mbr.mbr 510 55 AA" />
					<Add after="cmd /C $(UTMP):\BC5\BIN\XXD\xxd.exe -g 1 -c 16 $exe_dir\mbr.mbr" />
					<Mode after="always" />
				</ExtraCommands>
			</Target>
		</Build>
		<VirtualTargets>
			<Add alias="Debug" targets="entrybin;tpart.tp;mbr.mbr;" />
			<Add alias="Release" targets="entrybin;tpart.tp;mbr.mbr;" />
		</VirtualTargets>
		<Compiler>
			<Add option="-w" />
			<Add option="-1" />
			<Add option="-a1" />
			<Add option="-k-" />
			<Add option="-r-" />
			<Add option="-y-" />
			<Add option="-g20" />
			<Add option="-j20" />
			<Add option="-DIDE=CODEBLOCK" />
			<Add directory="$$(UUSB):/SO/PRACT0" />
		</Compiler>
		<Unit filename="../../STARTFIN.ASM/ENTRYBIN.ASM">
			<Option compilerVar="CC" />
			<Option virtualFolder="ENTRYBIN/" />
			<Option compiler="borland_c_502_so_2016" use="1" buildCommand="tasm.exe /la /c /ml /zn $file, $object, $objects_output_dir" />
			<Option target="entrybin" />
		</Unit>
		<Unit filename="../MBR.C">
			<Option compilerVar="CC" />
			<Option compiler="borland_c_502_so_2016" use="1" buildCommand="bcc.exe -1 -k- -r- -c -v- -y- -g20 -j20 -I$(UUSB):\SO\PRACT0 -a1 -S  -o..\mbr.asm ..\mbr.c\ntasm.exe /la /c /ml /zn ..\mbr.asm, ..\mbr.obj, ..\mbr.lst\ncmd /C copy ..\mbr.obj obj\_mbr\mbr.obj" />
			<Option target="mbr.mbr" />
		</Unit>
		<Unit filename="../MBR.H">
			<Option target="&lt;{~None~}&gt;" />
		</Unit>
		<Unit filename="../TPART.C">
			<Option compilerVar="CC" />
			<Option target="tpart.tp" />
		</Unit>
		<Extensions>
			<code_completion />
			<envvars />
			<debugger />
			<lib_finder disable_auto="1" />
		</Extensions>
	</Project>
</CodeBlocks_project_file>
